
Microsoft Visual Studio Solution File, Format Version 12.00
# Visual Studio Version 17
VisualStudioVersion = 17.6.33829.357
MinimumVisualStudioVersion = 10.0.40219.1
Project("{FAE04EC0-301F-11D3-BF4B-00C04F79EFBC}") = "MyWebApplicationMVC", "MyWebApplicationMVC\MyWebApplicationMVC.csproj", "{BA41E901-C30A-4DDE-A02D-60AD7E746A7F}"
EndProject
Global
	GlobalSection(SolutionConfigurationPlatforms) = preSolution
		Debug|Any CPU = Debug|Any CPU
		Release|Any CPU = Release|Any CPU
	EndGlobalSection
	GlobalSection(ProjectConfigurationPlatforms) = postSolution
		{BA41E901-C30A-4DDE-A02D-60AD7E746A7F}.Debug|Any CPU.ActiveCfg = Debug|Any CPU
		{BA41E901-C30A-4DDE-A02D-60AD7E746A7F}.Debug|Any CPU.Build.0 = Debug|Any CPU
		{BA41E901-C30A-4DDE-A02D-60AD7E746A7F}.Release|Any CPU.ActiveCfg = Release|Any CPU
		{BA41E901-C30A-4DDE-A02D-60AD7E746A7F}.Release|Any CPU.Build.0 = Release|Any CPU
	EndGlobalSection
	GlobalSection(SolutionProperties) = preSolution
		HideSolutionNode = FALSE
	EndGlobalSection
	GlobalSection(ExtensibilityGlobals) = postSolution
		SolutionGuid = {C3A8A67F-E9B2-4424-AEDC-0799B5F33882}
	EndGlobalSection
EndGlobal
